
Microsoft Visual Studio Solution File, Format Version 12.00
# Visual Studio Version 17
VisualStudioVersion = 17.2.32630.192
MinimumVisualStudioVersion = 10.0.40219.1
Project("{FAE04EC0-301F-11D3-BF4B-00C04F79EFBC}") = "RestaurantApp", "RestaurantApp\RestaurantApp.csproj", "{87C41F03-13B8-43E4-9B10-B70775A5DF9A}"
EndProject
Global
	GlobalSection(SolutionConfigurationPlatforms) = preSolution
		Debug|Any CPU = Debug|Any CPU
		Release|Any CPU = Release|Any CPU
	EndGlobalSection
	GlobalSection(ProjectConfigurationPlatforms) = postSolution
		{87C41F03-13B8-43E4-9B10-B70775A5DF9A}.Debug|Any CPU.ActiveCfg = Debug|Any CPU
		{87C41F03-13B8-43E4-9B10-B70775A5DF9A}.Debug|Any CPU.Build.0 = Debug|Any CPU
		{87C41F03-13B8-43E4-9B10-B70775A5DF9A}.Release|Any CPU.ActiveCfg = Release|Any CPU
		{87C41F03-13B8-43E4-9B10-B70775A5DF9A}.Release|Any CPU.Build.0 = Release|Any CPU
	EndGlobalSection
	GlobalSection(SolutionProperties) = preSolution
		HideSolutionNode = FALSE
	EndGlobalSection
	GlobalSection(ExtensibilityGlobals) = postSolution
		SolutionGuid = {7B104A09-1103-44B5-8793-05D742FD6F67}
	EndGlobalSection
EndGlobal
